// !$*UTF8*$!
{
	archiveVersion = 1;
	classes = {
	};
	objectVersion = 55;
	objects = {

/* Begin PBXBuildFile section */
		81506EC12A136EB000502293 /* Request.swift in Sources */ = {isa = PBXBuildFile; fileRef = 81506EC02A136EB000502293 /* Request.swift */; };
		81506EC32A136EB800502293 /* SwiftUIView.swift in Sources */ = {isa = PBXBuildFile; fileRef = 81506EC22A136EB800502293 /* SwiftUIView.swift */; };
		819E404B2A0CD8CA00D1F708 /* AppDelegate.swift in Sources */ = {isa = PBXBuildFile; fileRef = 819E404A2A0CD8CA00D1F708 /* AppDelegate.swift */; };
		819E404D2A0CD8CA00D1F708 /* SceneDelegate.swift in Sources */ = {isa = PBXBuildFile; fileRef = 819E404C2A0CD8CA00D1F708 /* SceneDelegate.swift */; };
		819E404F2A0CD8CA00D1F708 /* ViewController.swift in Sources */ = {isa = PBXBuildFile; fileRef = 819E404E2A0CD8CA00D1F708 /* ViewController.swift */; };
		819E40522A0CD8CA00D1F708 /* Main.storyboard in Resources */ = {isa = PBXBuildFile; fileRef = 819E40502A0CD8CA00D1F708 /* Main.storyboard */; };
		819E40542A0CD8CB00D1F708 /* Assets.xcassets in Resources */ = {isa = PBXBuildFile; fileRef = 819E40532A0CD8CB00D1F708 /* Assets.xcassets */; };
		819E40572A0CD8CB00D1F708 /* LaunchScreen.storyboard in Resources */ = {isa = PBXBuildFile; fileRef = 819E40552A0CD8CB00D1F708 /* LaunchScreen.storyboard */; };
		8C21E7492C3E59B900E73248 /* ProgressHUD in Frameworks */ = {isa = PBXBuildFile; productRef = 8C21E7482C3E59B900E73248 /* ProgressHUD */; };
		8C21E74C2C3E59DB00E73248 /* SnapKit in Frameworks */ = {isa = PBXBuildFile; productRef = 8C21E74B2C3E59DB00E73248 /* SnapKit */; };
		8C21E74F2C3E5A1900E73248 /* SwiftBrick in Frameworks */ = {isa = PBXBuildFile; productRef = 8C21E74E2C3E5A1900E73248 /* SwiftBrick */; };
		8C21E7522C3E5B1A00E73248 /* SwiftMesh in Frameworks */ = {isa = PBXBuildFile; productRef = 8C21E7512C3E5B1A00E73248 /* SwiftMesh */; };
		8C21E7552C3E5B4800E73248 /* BrickKit in Frameworks */ = {isa = PBXBuildFile; productRef = 8C21E7542C3E5B4800E73248 /* BrickKit */; };
		8C21E76C2C3FD35D00E73248 /* SwiftJson.swift in Sources */ = {isa = PBXBuildFile; fileRef = 8C21E76B2C3FD35D00E73248 /* SwiftJson.swift */; };
		8C21E76F2C3FD41400E73248 /* SwiftyJSON in Frameworks */ = {isa = PBXBuildFile; productRef = 8C21E76E2C3FD41400E73248 /* SwiftyJSON */; };
/* End PBXBuildFile section */

/* Begin PBXFileReference section */
		81506EC02A136EB000502293 /* Request.swift */ = {isa = PBXFileReference; fileEncoding = 4; lastKnownFileType = sourcecode.swift; path = Request.swift; sourceTree = "<group>"; };
		81506EC22A136EB800502293 /* SwiftUIView.swift */ = {isa = PBXFileReference; fileEncoding = 4; lastKnownFileType = sourcecode.swift; path = SwiftUIView.swift; sourceTree = "<group>"; };
		819E40472A0CD8CA00D1F708 /* Example.app */ = {isa = PBXFileReference; explicitFileType = wrapper.application; includeInIndex = 0; path = Example.app; sourceTree = BUILT_PRODUCTS_DIR; };
		819E404A2A0CD8CA00D1F708 /* AppDelegate.swift */ = {isa = PBXFileReference; lastKnownFileType = sourcecode.swift; path = AppDelegate.swift; sourceTree = "<group>"; };
		819E404C2A0CD8CA00D1F708 /* SceneDelegate.swift */ = {isa = PBXFileReference; lastKnownFileType = sourcecode.swift; path = SceneDelegate.swift; sourceTree = "<group>"; };
		819E404E2A0CD8CA00D1F708 /* ViewController.swift */ = {isa = PBXFileReference; lastKnownFileType = sourcecode.swift; path = ViewController.swift; sourceTree = "<group>"; };
		819E40512A0CD8CA00D1F708 /* Base */ = {isa = PBXFileReference; lastKnownFileType = file.storyboard; name = Base; path = Base.lproj/Main.storyboard; sourceTree = "<group>"; };
		819E40532A0CD8CB00D1F708 /* Assets.xcassets */ = {isa = PBXFileReference; lastKnownFileType = folder.assetcatalog; path = Assets.xcassets; sourceTree = "<group>"; };
		819E40562A0CD8CB00D1F708 /* Base */ = {isa = PBXFileReference; lastKnownFileType = file.storyboard; name = Base; path = Base.lproj/LaunchScreen.storyboard; sourceTree = "<group>"; };
		819E40582A0CD8CB00D1F708 /* Info.plist */ = {isa = PBXFileReference; lastKnownFileType = text.plist.xml; path = Info.plist; sourceTree = "<group>"; };
		8C21E7462C3E58F600E73248 /* SwiftMesh */ = {isa = PBXFileReference; lastKnownFileType = wrapper; name = SwiftMesh; path = ..; sourceTree = "<group>"; };
		8C21E76B2C3FD35D00E73248 /* SwiftJson.swift */ = {isa = PBXFileReference; lastKnownFileType = sourcecode.swift; path = SwiftJson.swift; sourceTree = "<group>"; };
/* End PBXFileReference section */

/* Begin PBXFrameworksBuildPhase section */
		819E40442A0CD8CA00D1F708 /* Frameworks */ = {
			isa = PBXFrameworksBuildPhase;
			buildActionMask = 2147483647;
			files = (
				8C21E76F2C3FD41400E73248 /* SwiftyJSON in Frameworks */,
				8C21E7492C3E59B900E73248 /* ProgressHUD in Frameworks */,
				8C21E74F2C3E5A1900E73248 /* SwiftBrick in Frameworks */,
				8C21E74C2C3E59DB00E73248 /* SnapKit in Frameworks */,
				8C21E7552C3E5B4800E73248 /* BrickKit in Frameworks */,
				8C21E7522C3E5B1A00E73248 /* SwiftMesh in Frameworks */,
			);
			runOnlyForDeploymentPostprocessing = 0;
		};
/* End PBXFrameworksBuildPhase section */

/* Begin PBXGroup section */
		819E403E2A0CD8CA00D1F708 = {
			isa = PBXGroup;
			children = (
				819E40492A0CD8CA00D1F708 /* SwiftMesh */,
				8C21E7462C3E58F600E73248 /* SwiftMesh */,
				819E40482A0CD8CA00D1F708 /* Products */,
				8C21E7502C3E5B1A00E73248 /* Frameworks */,
			);
			sourceTree = "<group>";
		};
		819E40482A0CD8CA00D1F708 /* Products */ = {
			isa = PBXGroup;
			children = (
				819E40472A0CD8CA00D1F708 /* Example.app */,
			);
			name = Products;
			sourceTree = "<group>";
		};
		819E40492A0CD8CA00D1F708 /* SwiftMesh */ = {
			isa = PBXGroup;
			children = (
				819E404A2A0CD8CA00D1F708 /* AppDelegate.swift */,
				819E404C2A0CD8CA00D1F708 /* SceneDelegate.swift */,
				81506EC02A136EB000502293 /* Request.swift */,
				819E404E2A0CD8CA00D1F708 /* ViewController.swift */,
				81506EC22A136EB800502293 /* SwiftUIView.swift */,
				8C21E76B2C3FD35D00E73248 /* SwiftJson.swift */,
				819E40502A0CD8CA00D1F708 /* Main.storyboard */,
				819E40532A0CD8CB00D1F708 /* Assets.xcassets */,
				819E40552A0CD8CB00D1F708 /* LaunchScreen.storyboard */,
				819E40582A0CD8CB00D1F708 /* Info.plist */,
			);
			path = SwiftMesh;
			sourceTree = "<group>";
		};
		8C21E7502C3E5B1A00E73248 /* Frameworks */ = {
			isa = PBXGroup;
			children = (
			);
			name = Frameworks;
			sourceTree = "<group>";
		};
/* End PBXGroup section */

/* Begin PBXNativeTarget section */
		819E40462A0CD8CA00D1F708 /* Example */ = {
			isa = PBXNativeTarget;
			buildConfigurationList = 819E405B2A0CD8CB00D1F708 /* Build configuration list for PBXNativeTarget "Example" */;
			buildPhases = (
				819E40432A0CD8CA00D1F708 /* Sources */,
				819E40442A0CD8CA00D1F708 /* Frameworks */,
				819E40452A0CD8CA00D1F708 /* Resources */,
			);
			buildRules = (
			);
			dependencies = (
			);
			name = Example;
			packageProductDependencies = (
				8C21E7482C3E59B900E73248 /* ProgressHUD */,
				8C21E74B2C3E59DB00E73248 /* SnapKit */,
				8C21E74E2C3E5A1900E73248 /* SwiftBrick */,
				8C21E7512C3E5B1A00E73248 /* SwiftMesh */,
				8C21E7542C3E5B4800E73248 /* BrickKit */,
				8C21E76E2C3FD41400E73248 /* SwiftyJSON */,
			);
			productName = SwiftMesh;
			productReference = 819E40472A0CD8CA00D1F708 /* Example.app */;
			productType = "com.apple.product-type.application";
		};
/* End PBXNativeTarget section */

/* Begin PBXProject section */
		819E403F2A0CD8CA00D1F708 /* Project object */ = {
			isa = PBXProject;
			attributes = {
				BuildIndependentTargetsInParallel = 1;
				LastSwiftUpdateCheck = 1420;
				LastUpgradeCheck = 1540;
				TargetAttributes = {
					819E40462A0CD8CA00D1F708 = {
						CreatedOnToolsVersion = 14.2;
					};
				};
			};
			buildConfigurationList = 819E40422A0CD8CA00D1F708 /* Build configuration list for PBXProject "SwiftMesh" */;
			compatibilityVersion = "Xcode 13.0";
			developmentRegion = en;
			hasScannedForEncodings = 0;
			knownRegions = (
				en,
				Base,
			);
			mainGroup = 819E403E2A0CD8CA00D1F708;
			packageReferences = (
				8C21E7472C3E59B900E73248 /* XCRemoteSwiftPackageReference "ProgressHUD" */,
				8C21E74A2C3E59DB00E73248 /* XCRemoteSwiftPackageReference "SnapKit" */,
				8C21E74D2C3E5A1900E73248 /* XCRemoteSwiftPackageReference "SwiftBrick" */,
				8C21E7532C3E5B4800E73248 /* XCRemoteSwiftPackageReference "Brick_SwiftUI" */,
				8C21E76D2C3FD41400E73248 /* XCRemoteSwiftPackageReference "SwiftyJSON" */,
			);
			productRefGroup = 819E40482A0CD8CA00D1F708 /* Products */;
			projectDirPath = "";
			projectRoot = "";
			targets = (
				819E40462A0CD8CA00D1F708 /* Example */,
			);
		};
/* End PBXProject section */

/* Begin PBXResourcesBuildPhase section */
		819E40452A0CD8CA00D1F708 /* Resources */ = {
			isa = PBXResourcesBuildPhase;
			buildActionMask = 2147483647;
			files = (
				819E40572A0CD8CB00D1F708 /* LaunchScreen.storyboard in Resources */,
				819E40542A0CD8CB00D1F708 /* Assets.xcassets in Resources */,
				819E40522A0CD8CA00D1F708 /* Main.storyboard in Resources */,
			);
			runOnlyForDeploymentPostprocessing = 0;
		};
/* End PBXResourcesBuildPhase section */

/* Begin PBXSourcesBuildPhase section */
		819E40432A0CD8CA00D1F708 /* Sources */ = {
			isa = PBXSourcesBuildPhase;
			buildActionMask = 2147483647;
			files = (
				819E404F2A0CD8CA00D1F708 /* ViewController.swift in Sources */,
				8C21E76C2C3FD35D00E73248 /* SwiftJson.swift in Sources */,
				81506EC12A136EB000502293 /* Request.swift in Sources */,
				819E404B2A0CD8CA00D1F708 /* AppDelegate.swift in Sources */,
				819E404D2A0CD8CA00D1F708 /* SceneDelegate.swift in Sources */,
				81506EC32A136EB800502293 /* SwiftUIView.swift in Sources */,
			);
			runOnlyForDeploymentPostprocessing = 0;
		};
/* End PBXSourcesBuildPhase section */

/* Begin PBXVariantGroup section */
		819E40502A0CD8CA00D1F708 /* Main.storyboard */ = {
			isa = PBXVariantGroup;
			children = (
				819E40512A0CD8CA00D1F708 /* Base */,
			);
			name = Main.storyboard;
			sourceTree = "<group>";
		};
		819E40552A0CD8CB00D1F708 /* LaunchScreen.storyboard */ = {
			isa = PBXVariantGroup;
			children = (
				819E40562A0CD8CB00D1F708 /* Base */,
			);
			name = LaunchScreen.storyboard;
			sourceTree = "<group>";
		};
/* End PBXVariantGroup section */

/* Begin XCBuildConfiguration section */
		819E40592A0CD8CB00D1F708 /* Debug */ = {
			isa = XCBuildConfiguration;
			buildSettings = {
				ALWAYS_SEARCH_USER_PATHS = NO;
				CLANG_ANALYZER_NONNULL = YES;
				CLANG_ANALYZER_NUMBER_OBJECT_CONVERSION = YES_AGGRESSIVE;
				CLANG_CXX_LANGUAGE_STANDARD = "gnu++20";
				CLANG_ENABLE_MODULES = YES;
				CLANG_ENABLE_OBJC_ARC = YES;
				CLANG_ENABLE_OBJC_WEAK = YES;
				CLANG_WARN_BLOCK_CAPTURE_AUTORELEASING = YES;
				CLANG_WARN_BOOL_CONVERSION = YES;
				CLANG_WARN_COMMA = YES;
				CLANG_WARN_CONSTANT_CONVERSION = YES;
				CLANG_WARN_DEPRECATED_OBJC_IMPLEMENTATIONS = YES;
				CLANG_WARN_DIRECT_OBJC_ISA_USAGE = YES_ERROR;
				CLANG_WARN_DOCUMENTATION_COMMENTS = YES;
				CLANG_WARN_EMPTY_BODY = YES;
				CLANG_WARN_ENUM_CONVERSION = YES;
				CLANG_WARN_INFINITE_RECURSION = YES;
				CLANG_WARN_INT_CONVERSION = YES;
				CLANG_WARN_NON_LITERAL_NULL_CONVERSION = YES;
				CLANG_WARN_OBJC_IMPLICIT_RETAIN_SELF = YES;
				CLANG_WARN_OBJC_LITERAL_CONVERSION = YES;
				CLANG_WARN_OBJC_ROOT_CLASS = YES_ERROR;
				CLANG_WARN_QUOTED_INCLUDE_IN_FRAMEWORK_HEADER = YES;
				CLANG_WARN_RANGE_LOOP_ANALYSIS = YES;
				CLANG_WARN_STRICT_PROTOTYPES = YES;
				CLANG_WARN_SUSPICIOUS_MOVE = YES;
				CLANG_WARN_UNGUARDED_AVAILABILITY = YES_AGGRESSIVE;
				CLANG_WARN_UNREACHABLE_CODE = YES;
				CLANG_WARN__DUPLICATE_METHOD_MATCH = YES;
				COPY_PHASE_STRIP = NO;
				DEBUG_INFORMATION_FORMAT = dwarf;
				ENABLE_STRICT_OBJC_MSGSEND = YES;
				ENABLE_TESTABILITY = YES;
				ENABLE_USER_SCRIPT_SANDBOXING = YES;
				GCC_C_LANGUAGE_STANDARD = gnu11;
				GCC_DYNAMIC_NO_PIC = NO;
				GCC_NO_COMMON_BLOCKS = YES;
				GCC_OPTIMIZATION_LEVEL = 0;
				GCC_PREPROCESSOR_DEFINITIONS = (
					"DEBUG=1",
					"$(inherited)",
				);
				GCC_WARN_64_TO_32_BIT_CONVERSION = YES;
				GCC_WARN_ABOUT_RETURN_TYPE = YES_ERROR;
				GCC_WARN_UNDECLARED_SELECTOR = YES;
				GCC_WARN_UNINITIALIZED_AUTOS = YES_AGGRESSIVE;
				GCC_WARN_UNUSED_FUNCTION = YES;
				GCC_WARN_UNUSED_VARIABLE = YES;
				IPHONEOS_DEPLOYMENT_TARGET = 14.0;
				MTL_ENABLE_DEBUG_INFO = INCLUDE_SOURCE;
				MTL_FAST_MATH = YES;
				ONLY_ACTIVE_ARCH = YES;
				SDKROOT = iphoneos;
				SWIFT_ACTIVE_COMPILATION_CONDITIONS = DEBUG;
				SWIFT_OPTIMIZATION_LEVEL = "-Onone";
			};
			name = Debug;
		};
		819E405A2A0CD8CB00D1F708 /* Release */ = {
			isa = XCBuildConfiguration;
			buildSettings = {
				ALWAYS_SEARCH_USER_PATHS = NO;
				CLANG_ANALYZER_NONNULL = YES;
				CLANG_ANALYZER_NUMBER_OBJECT_CONVERSION = YES_AGGRESSIVE;
				CLANG_CXX_LANGUAGE_STANDARD = "gnu++20";
				CLANG_ENABLE_MODULES = YES;
				CLANG_ENABLE_OBJC_ARC = YES;
				CLANG_ENABLE_OBJC_WEAK = YES;
				CLANG_WARN_BLOCK_CAPTURE_AUTORELEASING = YES;
				CLANG_WARN_BOOL_CONVERSION = YES;
				CLANG_WARN_COMMA = YES;
				CLANG_WARN_CONSTANT_CONVERSION = YES;
				CLANG_WARN_DEPRECATED_OBJC_IMPLEMENTATIONS = YES;
				CLANG_WARN_DIRECT_OBJC_ISA_USAGE = YES_ERROR;
				CLANG_WARN_DOCUMENTATION_COMMENTS = YES;
				CLANG_WARN_EMPTY_BODY = YES;
				CLANG_WARN_ENUM_CONVERSION = YES;
				CLANG_WARN_INFINITE_RECURSION = YES;
				CLANG_WARN_INT_CONVERSION = YES;
				CLANG_WARN_NON_LITERAL_NULL_CONVERSION = YES;
				CLANG_WARN_OBJC_IMPLICIT_RETAIN_SELF = YES;
				CLANG_WARN_OBJC_LITERAL_CONVERSION = YES;
				CLANG_WARN_OBJC_ROOT_CLASS = YES_ERROR;
				CLANG_WARN_QUOTED_INCLUDE_IN_FRAMEWORK_HEADER = YES;
				CLANG_WARN_RANGE_LOOP_ANALYSIS = YES;
				CLANG_WARN_STRICT_PROTOTYPES = YES;
				CLANG_WARN_SUSPICIOUS_MOVE = YES;
				CLANG_WARN_UNGUARDED_AVAILABILITY = YES_AGGRESSIVE;
				CLANG_WARN_UNREACHABLE_CODE = YES;
				CLANG_WARN__DUPLICATE_METHOD_MATCH = YES;
				COPY_PHASE_STRIP = NO;
				DEBUG_INFORMATION_FORMAT = "dwarf-with-dsym";
				ENABLE_NS_ASSERTIONS = NO;
				ENABLE_STRICT_OBJC_MSGSEND = YES;
				ENABLE_USER_SCRIPT_SANDBOXING = YES;
				GCC_C_LANGUAGE_STANDARD = gnu11;
				GCC_NO_COMMON_BLOCKS = YES;
				GCC_WARN_64_TO_32_BIT_CONVERSION = YES;
				GCC_WARN_ABOUT_RETURN_TYPE = YES_ERROR;
				GCC_WARN_UNDECLARED_SELECTOR = YES;
				GCC_WARN_UNINITIALIZED_AUTOS = YES_AGGRESSIVE;
				GCC_WARN_UNUSED_FUNCTION = YES;
				GCC_WARN_UNUSED_VARIABLE = YES;
				IPHONEOS_DEPLOYMENT_TARGET = 14.0;
				MTL_ENABLE_DEBUG_INFO = NO;
				MTL_FAST_MATH = YES;
				SDKROOT = iphoneos;
				SWIFT_COMPILATION_MODE = wholemodule;
				SWIFT_OPTIMIZATION_LEVEL = "-O";
				VALIDATE_PRODUCT = YES;
			};
			name = Release;
		};
		819E405C2A0CD8CB00D1F708 /* Debug */ = {
			isa = XCBuildConfiguration;
			buildSettings = {
				ASSETCATALOG_COMPILER_APPICON_NAME = AppIcon;
				ASSETCATALOG_COMPILER_GLOBAL_ACCENT_COLOR_NAME = AccentColor;
				CODE_SIGN_STYLE = Automatic;
				CURRENT_PROJECT_VERSION = 1;
				CURRENT_SwiftMesh_VERSION = 1;
				DEVELOPMENT_TEAM = HH34JHH4ZR;
				GENERATE_INFOPLIST_FILE = YES;
				INFOPLIST_FILE = SwiftMesh/Info.plist;
				INFOPLIST_KEY_UIApplicationSupportsIndirectInputEvents = YES;
				INFOPLIST_KEY_UILaunchStoryboardName = LaunchScreen;
				INFOPLIST_KEY_UIMainStoryboardFile = Main;
				INFOPLIST_KEY_UISupportedInterfaceOrientations_iPad = "UIInterfaceOrientationPortrait UIInterfaceOrientationPortraitUpsideDown UIInterfaceOrientationLandscapeLeft UIInterfaceOrientationLandscapeRight";
				INFOPLIST_KEY_UISupportedInterfaceOrientations_iPhone = "UIInterfaceOrientationPortrait UIInterfaceOrientationLandscapeLeft UIInterfaceOrientationLandscapeRight";
				IPHONEOS_DEPLOYMENT_TARGET = 14.0;
				LD_RUNPATH_SEARCH_PATHS = (
					"$(inherited)",
					"@executable_path/Frameworks",
				);
				MARKETING_VERSION = 1.0.0;
				PRODUCT_BUNDLE_IDENTIFIER = com.hu.app.SwiftMesh;
				PRODUCT_NAME = "$(TARGET_NAME)";
				SWIFT_EMIT_LOC_STRINGS = YES;
				SWIFT_VERSION = 5.0;
				TARGETED_DEVICE_FAMILY = "1,2";
			};
			name = Debug;
		};
		819E405D2A0CD8CB00D1F708 /* Release */ = {
			isa = XCBuildConfiguration;
			buildSettings = {
				ASSETCATALOG_COMPILER_APPICON_NAME = AppIcon;
				ASSETCATALOG_COMPILER_GLOBAL_ACCENT_COLOR_NAME = AccentColor;
				CODE_SIGN_STYLE = Automatic;
				CURRENT_PROJECT_VERSION = 1;
				CURRENT_SwiftMesh_VERSION = 1;
				DEVELOPMENT_TEAM = HH34JHH4ZR;
				GENERATE_INFOPLIST_FILE = YES;
				INFOPLIST_FILE = SwiftMesh/Info.plist;
				INFOPLIST_KEY_UIApplicationSupportsIndirectInputEvents = YES;
				INFOPLIST_KEY_UILaunchStoryboardName = LaunchScreen;
				INFOPLIST_KEY_UIMainStoryboardFile = Main;
				INFOPLIST_KEY_UISupportedInterfaceOrientations_iPad = "UIInterfaceOrientationPortrait UIInterfaceOrientationPortraitUpsideDown UIInterfaceOrientationLandscapeLeft UIInterfaceOrientationLandscapeRight";
				INFOPLIST_KEY_UISupportedInterfaceOrientations_iPhone = "UIInterfaceOrientationPortrait UIInterfaceOrientationLandscapeLeft UIInterfaceOrientationLandscapeRight";
				IPHONEOS_DEPLOYMENT_TARGET = 14.0;
				LD_RUNPATH_SEARCH_PATHS = (
					"$(inherited)",
					"@executable_path/Frameworks",
				);
				MARKETING_VERSION = 1.0.0;
				PRODUCT_BUNDLE_IDENTIFIER = com.hu.app.SwiftMesh;
				PRODUCT_NAME = "$(TARGET_NAME)";
				SWIFT_EMIT_LOC_STRINGS = YES;
				SWIFT_VERSION = 5.0;
				TARGETED_DEVICE_FAMILY = "1,2";
			};
			name = Release;
		};
/* End XCBuildConfiguration section */

/* Begin XCConfigurationList section */
		819E40422A0CD8CA00D1F708 /* Build configuration list for PBXProject "SwiftMesh" */ = {
			isa = XCConfigurationList;
			buildConfigurations = (
				819E40592A0CD8CB00D1F708 /* Debug */,
				819E405A2A0CD8CB00D1F708 /* Release */,
			);
			defaultConfigurationIsVisible = 0;
			defaultConfigurationName = Release;
		};
		819E405B2A0CD8CB00D1F708 /* Build configuration list for PBXNativeTarget "Example" */ = {
			isa = XCConfigurationList;
			buildConfigurations = (
				819E405C2A0CD8CB00D1F708 /* Debug */,
				819E405D2A0CD8CB00D1F708 /* Release */,
			);
			defaultConfigurationIsVisible = 0;
			defaultConfigurationName = Release;
		};
/* End XCConfigurationList section */

/* Begin XCRemoteSwiftPackageReference section */
		8C21E7472C3E59B900E73248 /* XCRemoteSwiftPackageReference "ProgressHUD" */ = {
			isa = XCRemoteSwiftPackageReference;
			repositoryURL = "https://github.com/relatedcode/ProgressHUD";
			requirement = {
				kind = upToNextMajorVersion;
				minimumVersion = 14.1.3;
			};
		};
		8C21E74A2C3E59DB00E73248 /* XCRemoteSwiftPackageReference "SnapKit" */ = {
			isa = XCRemoteSwiftPackageReference;
			repositoryURL = "https://github.com/SnapKit/SnapKit";
			requirement = {
				kind = upToNextMajorVersion;
				minimumVersion = 5.7.1;
			};
		};
		8C21E74D2C3E5A1900E73248 /* XCRemoteSwiftPackageReference "SwiftBrick" */ = {
			isa = XCRemoteSwiftPackageReference;
			repositoryURL = "https://github.com/zjinhu/SwiftBrick";
			requirement = {
				kind = upToNextMajorVersion;
				minimumVersion = 2.5.0;
			};
		};
		8C21E7532C3E5B4800E73248 /* XCRemoteSwiftPackageReference "Brick_SwiftUI" */ = {
			isa = XCRemoteSwiftPackageReference;
			repositoryURL = "https://github.com/zjinhu/Brick_SwiftUI.git";
			requirement = {
				kind = upToNextMajorVersion;
				minimumVersion = 0.4.4;
			};
		};
		8C21E76D2C3FD41400E73248 /* XCRemoteSwiftPackageReference "SwiftyJSON" */ = {
			isa = XCRemoteSwiftPackageReference;
			repositoryURL = "https://github.com/SwiftyJSON/SwiftyJSON";
			requirement = {
				kind = upToNextMajorVersion;
				minimumVersion = 5.0.2;
			};
		};
/* End XCRemoteSwiftPackageReference section */

/* Begin XCSwiftPackageProductDependency section */
		8C21E7482C3E59B900E73248 /* ProgressHUD */ = {
			isa = XCSwiftPackageProductDependency;
			package = 8C21E7472C3E59B900E73248 /* XCRemoteSwiftPackageReference "ProgressHUD" */;
			productName = ProgressHUD;
		};
		8C21E74B2C3E59DB00E73248 /* SnapKit */ = {
			isa = XCSwiftPackageProductDependency;
			package = 8C21E74A2C3E59DB00E73248 /* XCRemoteSwiftPackageReference "SnapKit" */;
			productName = SnapKit;
		};
		8C21E74E2C3E5A1900E73248 /* SwiftBrick */ = {
			isa = XCSwiftPackageProductDependency;
			package = 8C21E74D2C3E5A1900E73248 /* XCRemoteSwiftPackageReference "SwiftBrick" */;
			productName = SwiftBrick;
		};
		8C21E7512C3E5B1A00E73248 /* SwiftMesh */ = {
			isa = XCSwiftPackageProductDependency;
			productName = SwiftMesh;
		};
		8C21E7542C3E5B4800E73248 /* BrickKit */ = {
			isa = XCSwiftPackageProductDependency;
			package = 8C21E7532C3E5B4800E73248 /* XCRemoteSwiftPackageReference "Brick_SwiftUI" */;
			productName = BrickKit;
		};
		8C21E76E2C3FD41400E73248 /* SwiftyJSON */ = {
			isa = XCSwiftPackageProductDependency;
			package = 8C21E76D2C3FD41400E73248 /* XCRemoteSwiftPackageReference "SwiftyJSON" */;
			productName = SwiftyJSON;
		};
/* End XCSwiftPackageProductDependency section */
	};
	rootObject = 819E403F2A0CD8CA00D1F708 /* Project object */;
}
