// !$*UTF8*$!
{
	archiveVersion = 1;
	classes = {
	};
	objectVersion = 50;
	objects = {

/* Begin PBXBuildFile section */
		36A774E8E2C8ABD51A690057 /* Pods_SwiftMesh.framework in Frameworks */ = {isa = PBXBuildFile; fileRef = FFA73B1068104A2AA2E394FD /* Pods_SwiftMesh.framework */; };
		8147205823B494A600F95566 /* AppDelegate.swift in Sources */ = {isa = PBXBuildFile; fileRef = 8147205723B494A600F95566 /* AppDelegate.swift */; };
		8147205A23B494A600F95566 /* SceneDelegate.swift in Sources */ = {isa = PBXBuildFile; fileRef = 8147205923B494A600F95566 /* SceneDelegate.swift */; };
		8147205C23B494A600F95566 /* ViewController.swift in Sources */ = {isa = PBXBuildFile; fileRef = 8147205B23B494A600F95566 /* ViewController.swift */; };
		8147205F23B494A600F95566 /* Main.storyboard in Resources */ = {isa = PBXBuildFile; fileRef = 8147205D23B494A600F95566 /* Main.storyboard */; };
		8147206123B494A700F95566 /* Assets.xcassets in Resources */ = {isa = PBXBuildFile; fileRef = 8147206023B494A700F95566 /* Assets.xcassets */; };
		8147206423B494A700F95566 /* LaunchScreen.storyboard in Resources */ = {isa = PBXBuildFile; fileRef = 8147206223B494A700F95566 /* LaunchScreen.storyboard */; };
		81BDE3382546BBEB00F8130D /* Mesh.swift in Sources */ = {isa = PBXBuildFile; fileRef = 81BDE3342546BBEB00F8130D /* Mesh.swift */; };
		81BDE3392546BBEB00F8130D /* MeshConfig.swift in Sources */ = {isa = PBXBuildFile; fileRef = 81BDE3352546BBEB00F8130D /* MeshConfig.swift */; };
		81BDE33A2546BBEB00F8130D /* MeshRequest.swift in Sources */ = {isa = PBXBuildFile; fileRef = 81BDE3372546BBEB00F8130D /* MeshRequest.swift */; };
/* End PBXBuildFile section */

/* Begin PBXFileReference section */
		6A9847B627EB234C0B535BD5 /* Pods-SwiftMesh.debug.xcconfig */ = {isa = PBXFileReference; includeInIndex = 1; lastKnownFileType = text.xcconfig; name = "Pods-SwiftMesh.debug.xcconfig"; path = "Target Support Files/Pods-SwiftMesh/Pods-SwiftMesh.debug.xcconfig"; sourceTree = "<group>"; };
		8147205423B494A600F95566 /* SwiftMesh.app */ = {isa = PBXFileReference; explicitFileType = wrapper.application; includeInIndex = 0; path = SwiftMesh.app; sourceTree = BUILT_PRODUCTS_DIR; };
		8147205723B494A600F95566 /* AppDelegate.swift */ = {isa = PBXFileReference; lastKnownFileType = sourcecode.swift; path = AppDelegate.swift; sourceTree = "<group>"; };
		8147205923B494A600F95566 /* SceneDelegate.swift */ = {isa = PBXFileReference; lastKnownFileType = sourcecode.swift; path = SceneDelegate.swift; sourceTree = "<group>"; };
		8147205B23B494A600F95566 /* ViewController.swift */ = {isa = PBXFileReference; lastKnownFileType = sourcecode.swift; path = ViewController.swift; sourceTree = "<group>"; };
		8147205E23B494A600F95566 /* Base */ = {isa = PBXFileReference; lastKnownFileType = file.storyboard; name = Base; path = Base.lproj/Main.storyboard; sourceTree = "<group>"; };
		8147206023B494A700F95566 /* Assets.xcassets */ = {isa = PBXFileReference; lastKnownFileType = folder.assetcatalog; path = Assets.xcassets; sourceTree = "<group>"; };
		8147206323B494A700F95566 /* Base */ = {isa = PBXFileReference; lastKnownFileType = file.storyboard; name = Base; path = Base.lproj/LaunchScreen.storyboard; sourceTree = "<group>"; };
		8147206523B494A700F95566 /* Info.plist */ = {isa = PBXFileReference; lastKnownFileType = text.plist.xml; path = Info.plist; sourceTree = "<group>"; };
		81BDE3342546BBEB00F8130D /* Mesh.swift */ = {isa = PBXFileReference; fileEncoding = 4; lastKnownFileType = sourcecode.swift; path = Mesh.swift; sourceTree = "<group>"; };
		81BDE3352546BBEB00F8130D /* MeshConfig.swift */ = {isa = PBXFileReference; fileEncoding = 4; lastKnownFileType = sourcecode.swift; path = MeshConfig.swift; sourceTree = "<group>"; };
		81BDE3372546BBEB00F8130D /* MeshRequest.swift */ = {isa = PBXFileReference; fileEncoding = 4; lastKnownFileType = sourcecode.swift; path = MeshRequest.swift; sourceTree = "<group>"; };
		B4EBC6154FD83E28406F9A74 /* Pods-SwiftMesh.release.xcconfig */ = {isa = PBXFileReference; includeInIndex = 1; lastKnownFileType = text.xcconfig; name = "Pods-SwiftMesh.release.xcconfig"; path = "Target Support Files/Pods-SwiftMesh/Pods-SwiftMesh.release.xcconfig"; sourceTree = "<group>"; };
		FFA73B1068104A2AA2E394FD /* Pods_SwiftMesh.framework */ = {isa = PBXFileReference; explicitFileType = wrapper.framework; includeInIndex = 0; path = Pods_SwiftMesh.framework; sourceTree = BUILT_PRODUCTS_DIR; };
/* End PBXFileReference section */

/* Begin PBXFrameworksBuildPhase section */
		8147205123B494A600F95566 /* Frameworks */ = {
			isa = PBXFrameworksBuildPhase;
			buildActionMask = 2147483647;
			files = (
				36A774E8E2C8ABD51A690057 /* Pods_SwiftMesh.framework in Frameworks */,
			);
			runOnlyForDeploymentPostprocessing = 0;
		};
/* End PBXFrameworksBuildPhase section */

/* Begin PBXGroup section */
		8147204B23B494A600F95566 = {
			isa = PBXGroup;
			children = (
				8147205623B494A600F95566 /* SwiftMesh */,
				8147205523B494A600F95566 /* Products */,
				8505674B05F2059C6BAE22D5 /* Pods */,
				DFCFE4FFEDB485B5492CDE5F /* Frameworks */,
			);
			sourceTree = "<group>";
		};
		8147205523B494A600F95566 /* Products */ = {
			isa = PBXGroup;
			children = (
				8147205423B494A600F95566 /* SwiftMesh.app */,
			);
			name = Products;
			sourceTree = "<group>";
		};
		8147205623B494A600F95566 /* SwiftMesh */ = {
			isa = PBXGroup;
			children = (
				81BDE3322546BBEB00F8130D /* SwiftMesh */,
				8147205723B494A600F95566 /* AppDelegate.swift */,
				8147205923B494A600F95566 /* SceneDelegate.swift */,
				8147205B23B494A600F95566 /* ViewController.swift */,
				8147205D23B494A600F95566 /* Main.storyboard */,
				8147206023B494A700F95566 /* Assets.xcassets */,
				8147206223B494A700F95566 /* LaunchScreen.storyboard */,
				8147206523B494A700F95566 /* Info.plist */,
			);
			path = SwiftMesh;
			sourceTree = "<group>";
		};
		81BDE3322546BBEB00F8130D /* SwiftMesh */ = {
			isa = PBXGroup;
			children = (
				81BDE3332546BBEB00F8130D /* Mesh */,
				81BDE3362546BBEB00F8130D /* Request */,
			);
			name = SwiftMesh;
			path = Sources/SwiftMesh;
			sourceTree = SOURCE_ROOT;
		};
		81BDE3332546BBEB00F8130D /* Mesh */ = {
			isa = PBXGroup;
			children = (
				81BDE3342546BBEB00F8130D /* Mesh.swift */,
				81BDE3352546BBEB00F8130D /* MeshConfig.swift */,
			);
			path = Mesh;
			sourceTree = "<group>";
		};
		81BDE3362546BBEB00F8130D /* Request */ = {
			isa = PBXGroup;
			children = (
				81BDE3372546BBEB00F8130D /* MeshRequest.swift */,
			);
			path = Request;
			sourceTree = "<group>";
		};
		8505674B05F2059C6BAE22D5 /* Pods */ = {
			isa = PBXGroup;
			children = (
				6A9847B627EB234C0B535BD5 /* Pods-SwiftMesh.debug.xcconfig */,
				B4EBC6154FD83E28406F9A74 /* Pods-SwiftMesh.release.xcconfig */,
			);
			name = Pods;
			path = Pods;
			sourceTree = "<group>";
		};
		DFCFE4FFEDB485B5492CDE5F /* Frameworks */ = {
			isa = PBXGroup;
			children = (
				FFA73B1068104A2AA2E394FD /* Pods_SwiftMesh.framework */,
			);
			name = Frameworks;
			sourceTree = "<group>";
		};
/* End PBXGroup section */

/* Begin PBXNativeTarget section */
		8147205323B494A600F95566 /* SwiftMesh */ = {
			isa = PBXNativeTarget;
			buildConfigurationList = 8147206823B494A700F95566 /* Build configuration list for PBXNativeTarget "SwiftMesh" */;
			buildPhases = (
				EAA113C10D1EE2FDCC930DB3 /* [CP] Check Pods Manifest.lock */,
				8147205023B494A600F95566 /* Sources */,
				8147205123B494A600F95566 /* Frameworks */,
				8147205223B494A600F95566 /* Resources */,
				1180489A0A5E4A80AE8EBABF /* [CP] Embed Pods Frameworks */,
			);
			buildRules = (
			);
			dependencies = (
			);
			name = SwiftMesh;
			productName = SwiftMesh;
			productReference = 8147205423B494A600F95566 /* SwiftMesh.app */;
			productType = "com.apple.product-type.application";
		};
/* End PBXNativeTarget section */

/* Begin PBXProject section */
		8147204C23B494A600F95566 /* Project object */ = {
			isa = PBXProject;
			attributes = {
				LastSwiftUpdateCheck = 1130;
				LastUpgradeCheck = 1130;
				ORGANIZATIONNAME = iOS;
				TargetAttributes = {
					8147205323B494A600F95566 = {
						CreatedOnToolsVersion = 11.3;
					};
				};
			};
			buildConfigurationList = 8147204F23B494A600F95566 /* Build configuration list for PBXProject "SwiftMesh" */;
			compatibilityVersion = "Xcode 9.3";
			developmentRegion = en;
			hasScannedForEncodings = 0;
			knownRegions = (
				en,
				Base,
			);
			mainGroup = 8147204B23B494A600F95566;
			productRefGroup = 8147205523B494A600F95566 /* Products */;
			projectDirPath = "";
			projectRoot = "";
			targets = (
				8147205323B494A600F95566 /* SwiftMesh */,
			);
		};
/* End PBXProject section */

/* Begin PBXResourcesBuildPhase section */
		8147205223B494A600F95566 /* Resources */ = {
			isa = PBXResourcesBuildPhase;
			buildActionMask = 2147483647;
			files = (
				8147206423B494A700F95566 /* LaunchScreen.storyboard in Resources */,
				8147206123B494A700F95566 /* Assets.xcassets in Resources */,
				8147205F23B494A600F95566 /* Main.storyboard in Resources */,
			);
			runOnlyForDeploymentPostprocessing = 0;
		};
/* End PBXResourcesBuildPhase section */

/* Begin PBXShellScriptBuildPhase section */
		1180489A0A5E4A80AE8EBABF /* [CP] Embed Pods Frameworks */ = {
			isa = PBXShellScriptBuildPhase;
			buildActionMask = 2147483647;
			files = (
			);
			inputFileListPaths = (
				"${PODS_ROOT}/Target Support Files/Pods-SwiftMesh/Pods-SwiftMesh-frameworks-${CONFIGURATION}-input-files.xcfilelist",
			);
			name = "[CP] Embed Pods Frameworks";
			outputFileListPaths = (
				"${PODS_ROOT}/Target Support Files/Pods-SwiftMesh/Pods-SwiftMesh-frameworks-${CONFIGURATION}-output-files.xcfilelist",
			);
			runOnlyForDeploymentPostprocessing = 0;
			shellPath = /bin/sh;
			shellScript = "\"${PODS_ROOT}/Target Support Files/Pods-SwiftMesh/Pods-SwiftMesh-frameworks.sh\"\n";
			showEnvVarsInLog = 0;
		};
		EAA113C10D1EE2FDCC930DB3 /* [CP] Check Pods Manifest.lock */ = {
			isa = PBXShellScriptBuildPhase;
			buildActionMask = 2147483647;
			files = (
			);
			inputFileListPaths = (
			);
			inputPaths = (
				"${PODS_PODFILE_DIR_PATH}/Podfile.lock",
				"${PODS_ROOT}/Manifest.lock",
			);
			name = "[CP] Check Pods Manifest.lock";
			outputFileListPaths = (
			);
			outputPaths = (
				"$(DERIVED_FILE_DIR)/Pods-SwiftMesh-checkManifestLockResult.txt",
			);
			runOnlyForDeploymentPostprocessing = 0;
			shellPath = /bin/sh;
			shellScript = "diff \"${PODS_PODFILE_DIR_PATH}/Podfile.lock\" \"${PODS_ROOT}/Manifest.lock\" > /dev/null\nif [ $? != 0 ] ; then\n    # print error to STDERR\n    echo \"error: The sandbox is not in sync with the Podfile.lock. Run 'pod install' or update your CocoaPods installation.\" >&2\n    exit 1\nfi\n# This output is used by Xcode 'outputs' to avoid re-running this script phase.\necho \"SUCCESS\" > \"${SCRIPT_OUTPUT_FILE_0}\"\n";
			showEnvVarsInLog = 0;
		};
/* End PBXShellScriptBuildPhase section */

/* Begin PBXSourcesBuildPhase section */
		8147205023B494A600F95566 /* Sources */ = {
			isa = PBXSourcesBuildPhase;
			buildActionMask = 2147483647;
			files = (
				81BDE3382546BBEB00F8130D /* Mesh.swift in Sources */,
				81BDE3392546BBEB00F8130D /* MeshConfig.swift in Sources */,
				81BDE33A2546BBEB00F8130D /* MeshRequest.swift in Sources */,
				8147205C23B494A600F95566 /* ViewController.swift in Sources */,
				8147205823B494A600F95566 /* AppDelegate.swift in Sources */,
				8147205A23B494A600F95566 /* SceneDelegate.swift in Sources */,
			);
			runOnlyForDeploymentPostprocessing = 0;
		};
/* End PBXSourcesBuildPhase section */

/* Begin PBXVariantGroup section */
		8147205D23B494A600F95566 /* Main.storyboard */ = {
			isa = PBXVariantGroup;
			children = (
				8147205E23B494A600F95566 /* Base */,
			);
			name = Main.storyboard;
			sourceTree = "<group>";
		};
		8147206223B494A700F95566 /* LaunchScreen.storyboard */ = {
			isa = PBXVariantGroup;
			children = (
				8147206323B494A700F95566 /* Base */,
			);
			name = LaunchScreen.storyboard;
			sourceTree = "<group>";
		};
/* End PBXVariantGroup section */

/* Begin XCBuildConfiguration section */
		8147206623B494A700F95566 /* Debug */ = {
			isa = XCBuildConfiguration;
			buildSettings = {
				ALWAYS_SEARCH_USER_PATHS = NO;
				CLANG_ANALYZER_NONNULL = YES;
				CLANG_ANALYZER_NUMBER_OBJECT_CONVERSION = YES_AGGRESSIVE;
				CLANG_CXX_LANGUAGE_STANDARD = "gnu++14";
				CLANG_CXX_LIBRARY = "libc++";
				CLANG_ENABLE_MODULES = YES;
				CLANG_ENABLE_OBJC_ARC = YES;
				CLANG_ENABLE_OBJC_WEAK = YES;
				CLANG_WARN_BLOCK_CAPTURE_AUTORELEASING = YES;
				CLANG_WARN_BOOL_CONVERSION = YES;
				CLANG_WARN_COMMA = YES;
				CLANG_WARN_CONSTANT_CONVERSION = YES;
				CLANG_WARN_DEPRECATED_OBJC_IMPLEMENTATIONS = YES;
				CLANG_WARN_DIRECT_OBJC_ISA_USAGE = YES_ERROR;
				CLANG_WARN_DOCUMENTATION_COMMENTS = YES;
				CLANG_WARN_EMPTY_BODY = YES;
				CLANG_WARN_ENUM_CONVERSION = YES;
				CLANG_WARN_INFINITE_RECURSION = YES;
				CLANG_WARN_INT_CONVERSION = YES;
				CLANG_WARN_NON_LITERAL_NULL_CONVERSION = YES;
				CLANG_WARN_OBJC_IMPLICIT_RETAIN_SELF = YES;
				CLANG_WARN_OBJC_LITERAL_CONVERSION = YES;
				CLANG_WARN_OBJC_ROOT_CLASS = YES_ERROR;
				CLANG_WARN_RANGE_LOOP_ANALYSIS = YES;
				CLANG_WARN_STRICT_PROTOTYPES = YES;
				CLANG_WARN_SUSPICIOUS_MOVE = YES;
				CLANG_WARN_UNGUARDED_AVAILABILITY = YES_AGGRESSIVE;
				CLANG_WARN_UNREACHABLE_CODE = YES;
				CLANG_WARN__DUPLICATE_METHOD_MATCH = YES;
				COPY_PHASE_STRIP = NO;
				DEBUG_INFORMATION_FORMAT = dwarf;
				ENABLE_STRICT_OBJC_MSGSEND = YES;
				ENABLE_TESTABILITY = YES;
				GCC_C_LANGUAGE_STANDARD = gnu11;
				GCC_DYNAMIC_NO_PIC = NO;
				GCC_NO_COMMON_BLOCKS = YES;
				GCC_OPTIMIZATION_LEVEL = 0;
				GCC_PREPROCESSOR_DEFINITIONS = (
					"DEBUG=1",
					"$(inherited)",
				);
				GCC_WARN_64_TO_32_BIT_CONVERSION = YES;
				GCC_WARN_ABOUT_RETURN_TYPE = YES_ERROR;
				GCC_WARN_UNDECLARED_SELECTOR = YES;
				GCC_WARN_UNINITIALIZED_AUTOS = YES_AGGRESSIVE;
				GCC_WARN_UNUSED_FUNCTION = YES;
				GCC_WARN_UNUSED_VARIABLE = YES;
				IPHONEOS_DEPLOYMENT_TARGET = 13.2;
				MTL_ENABLE_DEBUG_INFO = INCLUDE_SOURCE;
				MTL_FAST_MATH = YES;
				ONLY_ACTIVE_ARCH = YES;
				SDKROOT = iphoneos;
				SWIFT_ACTIVE_COMPILATION_CONDITIONS = DEBUG;
				SWIFT_OPTIMIZATION_LEVEL = "-Onone";
			};
			name = Debug;
		};
		8147206723B494A700F95566 /* Release */ = {
			isa = XCBuildConfiguration;
			buildSettings = {
				ALWAYS_SEARCH_USER_PATHS = NO;
				CLANG_ANALYZER_NONNULL = YES;
				CLANG_ANALYZER_NUMBER_OBJECT_CONVERSION = YES_AGGRESSIVE;
				CLANG_CXX_LANGUAGE_STANDARD = "gnu++14";
				CLANG_CXX_LIBRARY = "libc++";
				CLANG_ENABLE_MODULES = YES;
				CLANG_ENABLE_OBJC_ARC = YES;
				CLANG_ENABLE_OBJC_WEAK = YES;
				CLANG_WARN_BLOCK_CAPTURE_AUTORELEASING = YES;
				CLANG_WARN_BOOL_CONVERSION = YES;
				CLANG_WARN_COMMA = YES;
				CLANG_WARN_CONSTANT_CONVERSION = YES;
				CLANG_WARN_DEPRECATED_OBJC_IMPLEMENTATIONS = YES;
				CLANG_WARN_DIRECT_OBJC_ISA_USAGE = YES_ERROR;
				CLANG_WARN_DOCUMENTATION_COMMENTS = YES;
				CLANG_WARN_EMPTY_BODY = YES;
				CLANG_WARN_ENUM_CONVERSION = YES;
				CLANG_WARN_INFINITE_RECURSION = YES;
				CLANG_WARN_INT_CONVERSION = YES;
				CLANG_WARN_NON_LITERAL_NULL_CONVERSION = YES;
				CLANG_WARN_OBJC_IMPLICIT_RETAIN_SELF = YES;
				CLANG_WARN_OBJC_LITERAL_CONVERSION = YES;
				CLANG_WARN_OBJC_ROOT_CLASS = YES_ERROR;
				CLANG_WARN_RANGE_LOOP_ANALYSIS = YES;
				CLANG_WARN_STRICT_PROTOTYPES = YES;
				CLANG_WARN_SUSPICIOUS_MOVE = YES;
				CLANG_WARN_UNGUARDED_AVAILABILITY = YES_AGGRESSIVE;
				CLANG_WARN_UNREACHABLE_CODE = YES;
				CLANG_WARN__DUPLICATE_METHOD_MATCH = YES;
				COPY_PHASE_STRIP = NO;
				DEBUG_INFORMATION_FORMAT = "dwarf-with-dsym";
				ENABLE_NS_ASSERTIONS = NO;
				ENABLE_STRICT_OBJC_MSGSEND = YES;
				GCC_C_LANGUAGE_STANDARD = gnu11;
				GCC_NO_COMMON_BLOCKS = YES;
				GCC_WARN_64_TO_32_BIT_CONVERSION = YES;
				GCC_WARN_ABOUT_RETURN_TYPE = YES_ERROR;
				GCC_WARN_UNDECLARED_SELECTOR = YES;
				GCC_WARN_UNINITIALIZED_AUTOS = YES_AGGRESSIVE;
				GCC_WARN_UNUSED_FUNCTION = YES;
				GCC_WARN_UNUSED_VARIABLE = YES;
				IPHONEOS_DEPLOYMENT_TARGET = 13.2;
				MTL_ENABLE_DEBUG_INFO = NO;
				MTL_FAST_MATH = YES;
				SDKROOT = iphoneos;
				SWIFT_COMPILATION_MODE = wholemodule;
				SWIFT_OPTIMIZATION_LEVEL = "-O";
				VALIDATE_PRODUCT = YES;
			};
			name = Release;
		};
		8147206923B494A700F95566 /* Debug */ = {
			isa = XCBuildConfiguration;
			baseConfigurationReference = 6A9847B627EB234C0B535BD5 /* Pods-SwiftMesh.debug.xcconfig */;
			buildSettings = {
				ASSETCATALOG_COMPILER_APPICON_NAME = AppIcon;
				CODE_SIGN_STYLE = Automatic;
				DEVELOPMENT_TEAM = TBQ5ET6KZ4;
				INFOPLIST_FILE = SwiftMesh/Info.plist;
				IPHONEOS_DEPLOYMENT_TARGET = 13.0;
				LD_RUNPATH_SEARCH_PATHS = (
					"$(inherited)",
					"@executable_path/Frameworks",
				);
				PRODUCT_BUNDLE_IDENTIFIER = ios.SwiftMesh;
				PRODUCT_NAME = "$(TARGET_NAME)";
				SWIFT_VERSION = 5.0;
				TARGETED_DEVICE_FAMILY = "1,2";
			};
			name = Debug;
		};
		8147206A23B494A700F95566 /* Release */ = {
			isa = XCBuildConfiguration;
			baseConfigurationReference = B4EBC6154FD83E28406F9A74 /* Pods-SwiftMesh.release.xcconfig */;
			buildSettings = {
				ASSETCATALOG_COMPILER_APPICON_NAME = AppIcon;
				CODE_SIGN_STYLE = Automatic;
				DEVELOPMENT_TEAM = TBQ5ET6KZ4;
				INFOPLIST_FILE = SwiftMesh/Info.plist;
				IPHONEOS_DEPLOYMENT_TARGET = 13.0;
				LD_RUNPATH_SEARCH_PATHS = (
					"$(inherited)",
					"@executable_path/Frameworks",
				);
				PRODUCT_BUNDLE_IDENTIFIER = ios.SwiftMesh;
				PRODUCT_NAME = "$(TARGET_NAME)";
				SWIFT_VERSION = 5.0;
				TARGETED_DEVICE_FAMILY = "1,2";
			};
			name = Release;
		};
/* End XCBuildConfiguration section */

/* Begin XCConfigurationList section */
		8147204F23B494A600F95566 /* Build configuration list for PBXProject "SwiftMesh" */ = {
			isa = XCConfigurationList;
			buildConfigurations = (
				8147206623B494A700F95566 /* Debug */,
				8147206723B494A700F95566 /* Release */,
			);
			defaultConfigurationIsVisible = 0;
			defaultConfigurationName = Release;
		};
		8147206823B494A700F95566 /* Build configuration list for PBXNativeTarget "SwiftMesh" */ = {
			isa = XCConfigurationList;
			buildConfigurations = (
				8147206923B494A700F95566 /* Debug */,
				8147206A23B494A700F95566 /* Release */,
			);
			defaultConfigurationIsVisible = 0;
			defaultConfigurationName = Release;
		};
/* End XCConfigurationList section */
	};
	rootObject = 8147204C23B494A600F95566 /* Project object */;
}
